// !$*UTF8*$!
{
	archiveVersion = 1;
	classes = {
	};
	objectVersion = 50;
	objects = {

/* Begin PBXBuildFile section */
		D90A6B582593683700136FCC /* PlayingCardView.swift in Sources */ = {isa = PBXBuildFile; fileRef = D90A6B572593683700136FCC /* PlayingCardView.swift */; };
		D929C2142575264C00853D4E /* Cards.swift in Sources */ = {isa = PBXBuildFile; fileRef = D929C2132575264C00853D4E /* Cards.swift */; };
		D929C2162575297A00853D4E /* Set.swift in Sources */ = {isa = PBXBuildFile; fileRef = D929C2152575297A00853D4E /* Set.swift */; };
		D94054AD257BED8E00CB08A7 /* PersonalAttributesOfCard.swift in Sources */ = {isa = PBXBuildFile; fileRef = D94054AC257BED8E00CB08A7 /* PersonalAttributesOfCard.swift */; };
		D940E1F7259366EA0045175D /* Grid.swift in Sources */ = {isa = PBXBuildFile; fileRef = D940E1F6259366EA0045175D /* Grid.swift */; };
		D9C921AA2599FE01008CE6CB /* SquiggleShape.swift in Sources */ = {isa = PBXBuildFile; fileRef = D9C921A92599FE01008CE6CB /* SquiggleShape.swift */; };
		D9E2A9422574E7D600690B76 /* AppDelegate.swift in Sources */ = {isa = PBXBuildFile; fileRef = D9E2A9412574E7D600690B76 /* AppDelegate.swift */; };
		D9E2A9442574E7D600690B76 /* SceneDelegate.swift in Sources */ = {isa = PBXBuildFile; fileRef = D9E2A9432574E7D600690B76 /* SceneDelegate.swift */; };
		D9E2A9462574E7D600690B76 /* ViewController.swift in Sources */ = {isa = PBXBuildFile; fileRef = D9E2A9452574E7D600690B76 /* ViewController.swift */; };
		D9E2A9492574E7D600690B76 /* Main.storyboard in Resources */ = {isa = PBXBuildFile; fileRef = D9E2A9472574E7D600690B76 /* Main.storyboard */; };
		D9E2A94B2574E7D800690B76 /* Assets.xcassets in Resources */ = {isa = PBXBuildFile; fileRef = D9E2A94A2574E7D800690B76 /* Assets.xcassets */; };
		D9E2A94E2574E7D800690B76 /* LaunchScreen.storyboard in Resources */ = {isa = PBXBuildFile; fileRef = D9E2A94C2574E7D800690B76 /* LaunchScreen.storyboard */; };
		D9F78B7A25CAD4FE00FB296D /* ShapeView.swift in Sources */ = {isa = PBXBuildFile; fileRef = D9F78B7925CAD4FE00FB296D /* ShapeView.swift */; };
/* End PBXBuildFile section */

/* Begin PBXFileReference section */
		D90A6B572593683700136FCC /* PlayingCardView.swift */ = {isa = PBXFileReference; lastKnownFileType = sourcecode.swift; path = PlayingCardView.swift; sourceTree = "<group>"; };
		D929C2132575264C00853D4E /* Cards.swift */ = {isa = PBXFileReference; lastKnownFileType = sourcecode.swift; path = Cards.swift; sourceTree = "<group>"; };
		D929C2152575297A00853D4E /* Set.swift */ = {isa = PBXFileReference; lastKnownFileType = sourcecode.swift; path = Set.swift; sourceTree = "<group>"; };
		D94054AC257BED8E00CB08A7 /* PersonalAttributesOfCard.swift */ = {isa = PBXFileReference; lastKnownFileType = sourcecode.swift; path = PersonalAttributesOfCard.swift; sourceTree = "<group>"; };
		D940E1F6259366EA0045175D /* Grid.swift */ = {isa = PBXFileReference; fileEncoding = 4; lastKnownFileType = sourcecode.swift; path = Grid.swift; sourceTree = "<group>"; };
		D9C921A92599FE01008CE6CB /* SquiggleShape.swift */ = {isa = PBXFileReference; lastKnownFileType = sourcecode.swift; path = SquiggleShape.swift; sourceTree = "<group>"; };
		D9E2A93E2574E7D600690B76 /* Game_SET.app */ = {isa = PBXFileReference; explicitFileType = wrapper.application; includeInIndex = 0; path = Game_SET.app; sourceTree = BUILT_PRODUCTS_DIR; };
		D9E2A9412574E7D600690B76 /* AppDelegate.swift */ = {isa = PBXFileReference; lastKnownFileType = sourcecode.swift; path = AppDelegate.swift; sourceTree = "<group>"; };
		D9E2A9432574E7D600690B76 /* SceneDelegate.swift */ = {isa = PBXFileReference; lastKnownFileType = sourcecode.swift; path = SceneDelegate.swift; sourceTree = "<group>"; };
		D9E2A9452574E7D600690B76 /* ViewController.swift */ = {isa = PBXFileReference; lastKnownFileType = sourcecode.swift; path = ViewController.swift; sourceTree = "<group>"; };
		D9E2A9482574E7D600690B76 /* Base */ = {isa = PBXFileReference; lastKnownFileType = file.storyboard; name = Base; path = Base.lproj/Main.storyboard; sourceTree = "<group>"; };
		D9E2A94A2574E7D800690B76 /* Assets.xcassets */ = {isa = PBXFileReference; lastKnownFileType = folder.assetcatalog; path = Assets.xcassets; sourceTree = "<group>"; };
		D9E2A94D2574E7D800690B76 /* Base */ = {isa = PBXFileReference; lastKnownFileType = file.storyboard; name = Base; path = Base.lproj/LaunchScreen.storyboard; sourceTree = "<group>"; };
		D9E2A94F2574E7D800690B76 /* Info.plist */ = {isa = PBXFileReference; lastKnownFileType = text.plist.xml; path = Info.plist; sourceTree = "<group>"; };
		D9F78B7925CAD4FE00FB296D /* ShapeView.swift */ = {isa = PBXFileReference; lastKnownFileType = sourcecode.swift; path = ShapeView.swift; sourceTree = SOURCE_ROOT; };
/* End PBXFileReference section */

/* Begin PBXFrameworksBuildPhase section */
		D9E2A93B2574E7D600690B76 /* Frameworks */ = {
			isa = PBXFrameworksBuildPhase;
			buildActionMask = 2147483647;
			files = (
			);
			runOnlyForDeploymentPostprocessing = 0;
		};
/* End PBXFrameworksBuildPhase section */

/* Begin PBXGroup section */
		D9E2A9352574E7D600690B76 = {
			isa = PBXGroup;
			children = (
				D9E2A9402574E7D600690B76 /* Game_SET */,
				D9E2A93F2574E7D600690B76 /* Products */,
			);
			sourceTree = "<group>";
		};
		D9E2A93F2574E7D600690B76 /* Products */ = {
			isa = PBXGroup;
			children = (
				D9E2A93E2574E7D600690B76 /* Game_SET.app */,
			);
			name = Products;
			sourceTree = "<group>";
		};
		D9E2A9402574E7D600690B76 /* Game_SET */ = {
			isa = PBXGroup;
			children = (
				D9E2A9552574E7FB00690B76 /* Supprot files */,
				D9C921A92599FE01008CE6CB /* SquiggleShape.swift */,
				D940E1F6259366EA0045175D /* Grid.swift */,
				D9E2A9472574E7D600690B76 /* Main.storyboard */,
				D929C2132575264C00853D4E /* Cards.swift */,
				D94054AC257BED8E00CB08A7 /* PersonalAttributesOfCard.swift */,
				D929C2152575297A00853D4E /* Set.swift */,
				D9E2A94A2574E7D800690B76 /* Assets.xcassets */,
				D9E2A94F2574E7D800690B76 /* Info.plist */,
				D90A6B572593683700136FCC /* PlayingCardView.swift */,
				D9F78B7925CAD4FE00FB296D /* ShapeView.swift */,
				D9E2A9452574E7D600690B76 /* ViewController.swift */,
			);
			path = Game_SET;
			sourceTree = "<group>";
		};
		D9E2A9552574E7FB00690B76 /* Supprot files */ = {
			isa = PBXGroup;
			children = (
				D9E2A9412574E7D600690B76 /* AppDelegate.swift */,
				D9E2A9432574E7D600690B76 /* SceneDelegate.swift */,
				D9E2A94C2574E7D800690B76 /* LaunchScreen.storyboard */,
			);
			path = "Supprot files";
			sourceTree = "<group>";
		};
/* End PBXGroup section */

/* Begin PBXNativeTarget section */
		D9E2A93D2574E7D600690B76 /* Game_SET */ = {
			isa = PBXNativeTarget;
			buildConfigurationList = D9E2A9522574E7D800690B76 /* Build configuration list for PBXNativeTarget "Game_SET" */;
			buildPhases = (
				D9E2A93A2574E7D600690B76 /* Sources */,
				D9E2A93B2574E7D600690B76 /* Frameworks */,
				D9E2A93C2574E7D600690B76 /* Resources */,
			);
			buildRules = (
			);
			dependencies = (
			);
			name = Game_SET;
			productName = Game_SET;
			productReference = D9E2A93E2574E7D600690B76 /* Game_SET.app */;
			productType = "com.apple.product-type.application";
		};
/* End PBXNativeTarget section */

/* Begin PBXProject section */
		D9E2A9362574E7D600690B76 /* Project object */ = {
			isa = PBXProject;
			attributes = {
				LastSwiftUpdateCheck = 1130;
				LastUpgradeCheck = 1130;
				ORGANIZATIONNAME = "Алексей Сергеев";
				TargetAttributes = {
					D9E2A93D2574E7D600690B76 = {
						CreatedOnToolsVersion = 11.3;
					};
				};
			};
			buildConfigurationList = D9E2A9392574E7D600690B76 /* Build configuration list for PBXProject "Game_SET" */;
			compatibilityVersion = "Xcode 9.3";
			developmentRegion = en;
			hasScannedForEncodings = 0;
			knownRegions = (
				en,
				Base,
			);
			mainGroup = D9E2A9352574E7D600690B76;
			productRefGroup = D9E2A93F2574E7D600690B76 /* Products */;
			projectDirPath = "";
			projectRoot = "";
			targets = (
				D9E2A93D2574E7D600690B76 /* Game_SET */,
			);
		};
/* End PBXProject section */

/* Begin PBXResourcesBuildPhase section */
		D9E2A93C2574E7D600690B76 /* Resources */ = {
			isa = PBXResourcesBuildPhase;
			buildActionMask = 2147483647;
			files = (
				D9E2A94E2574E7D800690B76 /* LaunchScreen.storyboard in Resources */,
				D9E2A94B2574E7D800690B76 /* Assets.xcassets in Resources */,
				D9E2A9492574E7D600690B76 /* Main.storyboard in Resources */,
			);
			runOnlyForDeploymentPostprocessing = 0;
		};
/* End PBXResourcesBuildPhase section */

/* Begin PBXSourcesBuildPhase section */
		D9E2A93A2574E7D600690B76 /* Sources */ = {
			isa = PBXSourcesBuildPhase;
			buildActionMask = 2147483647;
			files = (
				D9F78B7A25CAD4FE00FB296D /* ShapeView.swift in Sources */,
				D929C2162575297A00853D4E /* Set.swift in Sources */,
				D90A6B582593683700136FCC /* PlayingCardView.swift in Sources */,
				D9E2A9462574E7D600690B76 /* ViewController.swift in Sources */,
				D9E2A9422574E7D600690B76 /* AppDelegate.swift in Sources */,
				D9E2A9442574E7D600690B76 /* SceneDelegate.swift in Sources */,
				D94054AD257BED8E00CB08A7 /* PersonalAttributesOfCard.swift in Sources */,
				D940E1F7259366EA0045175D /* Grid.swift in Sources */,
				D929C2142575264C00853D4E /* Cards.swift in Sources */,
				D9C921AA2599FE01008CE6CB /* SquiggleShape.swift in Sources */,
			);
			runOnlyForDeploymentPostprocessing = 0;
		};
/* End PBXSourcesBuildPhase section */

/* Begin PBXVariantGroup section */
		D9E2A9472574E7D600690B76 /* Main.storyboard */ = {
			isa = PBXVariantGroup;
			children = (
				D9E2A9482574E7D600690B76 /* Base */,
			);
			name = Main.storyboard;
			sourceTree = "<group>";
		};
		D9E2A94C2574E7D800690B76 /* LaunchScreen.storyboard */ = {
			isa = PBXVariantGroup;
			children = (
				D9E2A94D2574E7D800690B76 /* Base */,
			);
			name = LaunchScreen.storyboard;
			sourceTree = "<group>";
		};
/* End PBXVariantGroup section */

/* Begin XCBuildConfiguration section */
		D9E2A9502574E7D800690B76 /* Debug */ = {
			isa = XCBuildConfiguration;
			buildSettings = {
				ALWAYS_SEARCH_USER_PATHS = NO;
				CLANG_ANALYZER_NONNULL = YES;
				CLANG_ANALYZER_NUMBER_OBJECT_CONVERSION = YES_AGGRESSIVE;
				CLANG_CXX_LANGUAGE_STANDARD = "gnu++14";
				CLANG_CXX_LIBRARY = "libc++";
				CLANG_ENABLE_MODULES = YES;
				CLANG_ENABLE_OBJC_ARC = YES;
				CLANG_ENABLE_OBJC_WEAK = YES;
				CLANG_WARN_BLOCK_CAPTURE_AUTORELEASING = YES;
				CLANG_WARN_BOOL_CONVERSION = YES;
				CLANG_WARN_COMMA = YES;
				CLANG_WARN_CONSTANT_CONVERSION = YES;
				CLANG_WARN_DEPRECATED_OBJC_IMPLEMENTATIONS = YES;
				CLANG_WARN_DIRECT_OBJC_ISA_USAGE = YES_ERROR;
				CLANG_WARN_DOCUMENTATION_COMMENTS = YES;
				CLANG_WARN_EMPTY_BODY = YES;
				CLANG_WARN_ENUM_CONVERSION = YES;
				CLANG_WARN_INFINITE_RECURSION = YES;
				CLANG_WARN_INT_CONVERSION = YES;
				CLANG_WARN_NON_LITERAL_NULL_CONVERSION = YES;
				CLANG_WARN_OBJC_IMPLICIT_RETAIN_SELF = YES;
				CLANG_WARN_OBJC_LITERAL_CONVERSION = YES;
				CLANG_WARN_OBJC_ROOT_CLASS = YES_ERROR;
				CLANG_WARN_RANGE_LOOP_ANALYSIS = YES;
				CLANG_WARN_STRICT_PROTOTYPES = YES;
				CLANG_WARN_SUSPICIOUS_MOVE = YES;
				CLANG_WARN_UNGUARDED_AVAILABILITY = YES_AGGRESSIVE;
				CLANG_WARN_UNREACHABLE_CODE = YES;
				CLANG_WARN__DUPLICATE_METHOD_MATCH = YES;
				COPY_PHASE_STRIP = NO;
				DEBUG_INFORMATION_FORMAT = dwarf;
				ENABLE_STRICT_OBJC_MSGSEND = YES;
				ENABLE_TESTABILITY = YES;
				GCC_C_LANGUAGE_STANDARD = gnu11;
				GCC_DYNAMIC_NO_PIC = NO;
				GCC_NO_COMMON_BLOCKS = YES;
				GCC_OPTIMIZATION_LEVEL = 0;
				GCC_PREPROCESSOR_DEFINITIONS = (
					"DEBUG=1",
					"$(inherited)",
				);
				GCC_WARN_64_TO_32_BIT_CONVERSION = YES;
				GCC_WARN_ABOUT_RETURN_TYPE = YES_ERROR;
				GCC_WARN_UNDECLARED_SELECTOR = YES;
				GCC_WARN_UNINITIALIZED_AUTOS = YES_AGGRESSIVE;
				GCC_WARN_UNUSED_FUNCTION = YES;
				GCC_WARN_UNUSED_VARIABLE = YES;
				IPHONEOS_DEPLOYMENT_TARGET = 13.2;
				MTL_ENABLE_DEBUG_INFO = INCLUDE_SOURCE;
				MTL_FAST_MATH = YES;
				ONLY_ACTIVE_ARCH = YES;
				SDKROOT = iphoneos;
				SWIFT_ACTIVE_COMPILATION_CONDITIONS = DEBUG;
				SWIFT_OPTIMIZATION_LEVEL = "-Onone";
			};
			name = Debug;
		};
		D9E2A9512574E7D800690B76 /* Release */ = {
			isa = XCBuildConfiguration;
			buildSettings = {
				ALWAYS_SEARCH_USER_PATHS = NO;
				CLANG_ANALYZER_NONNULL = YES;
				CLANG_ANALYZER_NUMBER_OBJECT_CONVERSION = YES_AGGRESSIVE;
				CLANG_CXX_LANGUAGE_STANDARD = "gnu++14";
				CLANG_CXX_LIBRARY = "libc++";
				CLANG_ENABLE_MODULES = YES;
				CLANG_ENABLE_OBJC_ARC = YES;
				CLANG_ENABLE_OBJC_WEAK = YES;
				CLANG_WARN_BLOCK_CAPTURE_AUTORELEASING = YES;
				CLANG_WARN_BOOL_CONVERSION = YES;
				CLANG_WARN_COMMA = YES;
				CLANG_WARN_CONSTANT_CONVERSION = YES;
				CLANG_WARN_DEPRECATED_OBJC_IMPLEMENTATIONS = YES;
				CLANG_WARN_DIRECT_OBJC_ISA_USAGE = YES_ERROR;
				CLANG_WARN_DOCUMENTATION_COMMENTS = YES;
				CLANG_WARN_EMPTY_BODY = YES;
				CLANG_WARN_ENUM_CONVERSION = YES;
				CLANG_WARN_INFINITE_RECURSION = YES;
				CLANG_WARN_INT_CONVERSION = YES;
				CLANG_WARN_NON_LITERAL_NULL_CONVERSION = YES;
				CLANG_WARN_OBJC_IMPLICIT_RETAIN_SELF = YES;
				CLANG_WARN_OBJC_LITERAL_CONVERSION = YES;
				CLANG_WARN_OBJC_ROOT_CLASS = YES_ERROR;
				CLANG_WARN_RANGE_LOOP_ANALYSIS = YES;
				CLANG_WARN_STRICT_PROTOTYPES = YES;
				CLANG_WARN_SUSPICIOUS_MOVE = YES;
				CLANG_WARN_UNGUARDED_AVAILABILITY = YES_AGGRESSIVE;
				CLANG_WARN_UNREACHABLE_CODE = YES;
				CLANG_WARN__DUPLICATE_METHOD_MATCH = YES;
				COPY_PHASE_STRIP = NO;
				DEBUG_INFORMATION_FORMAT = "dwarf-with-dsym";
				ENABLE_NS_ASSERTIONS = NO;
				ENABLE_STRICT_OBJC_MSGSEND = YES;
				GCC_C_LANGUAGE_STANDARD = gnu11;
				GCC_NO_COMMON_BLOCKS = YES;
				GCC_WARN_64_TO_32_BIT_CONVERSION = YES;
				GCC_WARN_ABOUT_RETURN_TYPE = YES_ERROR;
				GCC_WARN_UNDECLARED_SELECTOR = YES;
				GCC_WARN_UNINITIALIZED_AUTOS = YES_AGGRESSIVE;
				GCC_WARN_UNUSED_FUNCTION = YES;
				GCC_WARN_UNUSED_VARIABLE = YES;
				IPHONEOS_DEPLOYMENT_TARGET = 13.2;
				MTL_ENABLE_DEBUG_INFO = NO;
				MTL_FAST_MATH = YES;
				SDKROOT = iphoneos;
				SWIFT_COMPILATION_MODE = wholemodule;
				SWIFT_OPTIMIZATION_LEVEL = "-O";
				VALIDATE_PRODUCT = YES;
			};
			name = Release;
		};
		D9E2A9532574E7D800690B76 /* Debug */ = {
			isa = XCBuildConfiguration;
			buildSettings = {
				ASSETCATALOG_COMPILER_APPICON_NAME = AppIcon;
				CODE_SIGN_STYLE = Automatic;
				DEVELOPMENT_TEAM = B5NP5GUJ9K;
				INFOPLIST_FILE = Game_SET/Info.plist;
				LD_RUNPATH_SEARCH_PATHS = (
					"$(inherited)",
					"@executable_path/Frameworks",
				);
				PRODUCT_BUNDLE_IDENTIFIER = "alexey.sergeev.Game-SET";
				PRODUCT_NAME = "$(TARGET_NAME)";
				SWIFT_VERSION = 5.0;
				TARGETED_DEVICE_FAMILY = "1,2";
			};
			name = Debug;
		};
		D9E2A9542574E7D800690B76 /* Release */ = {
			isa = XCBuildConfiguration;
			buildSettings = {
				ASSETCATALOG_COMPILER_APPICON_NAME = AppIcon;
				CODE_SIGN_STYLE = Automatic;
				DEVELOPMENT_TEAM = B5NP5GUJ9K;
				INFOPLIST_FILE = Game_SET/Info.plist;
				LD_RUNPATH_SEARCH_PATHS = (
					"$(inherited)",
					"@executable_path/Frameworks",
				);
				PRODUCT_BUNDLE_IDENTIFIER = "alexey.sergeev.Game-SET";
				PRODUCT_NAME = "$(TARGET_NAME)";
				SWIFT_VERSION = 5.0;
				TARGETED_DEVICE_FAMILY = "1,2";
			};
			name = Release;
		};
/* End XCBuildConfiguration section */

/* Begin XCConfigurationList section */
		D9E2A9392574E7D600690B76 /* Build configuration list for PBXProject "Game_SET" */ = {
			isa = XCConfigurationList;
			buildConfigurations = (
				D9E2A9502574E7D800690B76 /* Debug */,
				D9E2A9512574E7D800690B76 /* Release */,
			);
			defaultConfigurationIsVisible = 0;
			defaultConfigurationName = Release;
		};
		D9E2A9522574E7D800690B76 /* Build configuration list for PBXNativeTarget "Game_SET" */ = {
			isa = XCConfigurationList;
			buildConfigurations = (
				D9E2A9532574E7D800690B76 /* Debug */,
				D9E2A9542574E7D800690B76 /* Release */,
			);
			defaultConfigurationIsVisible = 0;
			defaultConfigurationName = Release;
		};
/* End XCConfigurationList section */
	};
	rootObject = D9E2A9362574E7D600690B76 /* Project object */;
}
